// !$*UTF8*$!
{
	archiveVersion = 1;
	classes = {
	};
	objectVersion = 46;
	objects = {

/* Begin PBXBuildFile section */
		5E6A2F5A1B0463390014511F /* main.m in Sources */ = {isa = PBXBuildFile; fileRef = 5E6A2F591B0463390014511F /* main.m */; };
		5E6A2F5D1B0463390014511F /* AppDelegate.m in Sources */ = {isa = PBXBuildFile; fileRef = 5E6A2F5C1B0463390014511F /* AppDelegate.m */; };
		5E6A2F601B0463390014511F /* ViewController.m in Sources */ = {isa = PBXBuildFile; fileRef = 5E6A2F5F1B0463390014511F /* ViewController.m */; };
		5E6A2F631B0463390014511F /* Main.storyboard in Resources */ = {isa = PBXBuildFile; fileRef = 5E6A2F611B0463390014511F /* Main.storyboard */; };
		5E6A2F651B0463390014511F /* Images.xcassets in Resources */ = {isa = PBXBuildFile; fileRef = 5E6A2F641B0463390014511F /* Images.xcassets */; };
		5E6A2F681B0463390014511F /* LaunchScreen.xib in Resources */ = {isa = PBXBuildFile; fileRef = 5E6A2F661B0463390014511F /* LaunchScreen.xib */; };
		5E6A2F741B0463390014511F /* searchControllerTests.m in Sources */ = {isa = PBXBuildFile; fileRef = 5E6A2F731B0463390014511F /* searchControllerTests.m */; };
		5E6A2F7F1B0466180014511F /* CDPSearchModel.m in Sources */ = {isa = PBXBuildFile; fileRef = 5E6A2F7E1B0466180014511F /* CDPSearchModel.m */; };
		5E6A2F861B047D680014511F /* CDPSearchController.m in Sources */ = {isa = PBXBuildFile; fileRef = 5E6A2F851B047D680014511F /* CDPSearchController.m */; };
/* End PBXBuildFile section */

/* Begin PBXContainerItemProxy section */
		5E6A2F6E1B0463390014511F /* PBXContainerItemProxy */ = {
			isa = PBXContainerItemProxy;
			containerPortal = 5E6A2F4C1B0463390014511F /* Project object */;
			proxyType = 1;
			remoteGlobalIDString = 5E6A2F531B0463390014511F;
			remoteInfo = searchController;
		};
/* End PBXContainerItemProxy section */

/* Begin PBXFileReference section */
		5E6A2F541B0463390014511F /* searchController.app */ = {isa = PBXFileReference; explicitFileType = wrapper.application; includeInIndex = 0; path = searchController.app; sourceTree = BUILT_PRODUCTS_DIR; };
		5E6A2F581B0463390014511F /* Info.plist */ = {isa = PBXFileReference; lastKnownFileType = text.plist.xml; path = Info.plist; sourceTree = "<group>"; };
		5E6A2F591B0463390014511F /* main.m */ = {isa = PBXFileReference; lastKnownFileType = sourcecode.c.objc; path = main.m; sourceTree = "<group>"; };
		5E6A2F5B1B0463390014511F /* AppDelegate.h */ = {isa = PBXFileReference; lastKnownFileType = sourcecode.c.h; path = AppDelegate.h; sourceTree = "<group>"; };
		5E6A2F5C1B0463390014511F /* AppDelegate.m */ = {isa = PBXFileReference; lastKnownFileType = sourcecode.c.objc; path = AppDelegate.m; sourceTree = "<group>"; };
		5E6A2F5E1B0463390014511F /* ViewController.h */ = {isa = PBXFileReference; lastKnownFileType = sourcecode.c.h; path = ViewController.h; sourceTree = "<group>"; };
		5E6A2F5F1B0463390014511F /* ViewController.m */ = {isa = PBXFileReference; lastKnownFileType = sourcecode.c.objc; path = ViewController.m; sourceTree = "<group>"; };
		5E6A2F621B0463390014511F /* Base */ = {isa = PBXFileReference; lastKnownFileType = file.storyboard; name = Base; path = Base.lproj/Main.storyboard; sourceTree = "<group>"; };
		5E6A2F641B0463390014511F /* Images.xcassets */ = {isa = PBXFileReference; lastKnownFileType = folder.assetcatalog; path = Images.xcassets; sourceTree = "<group>"; };
		5E6A2F671B0463390014511F /* Base */ = {isa = PBXFileReference; lastKnownFileType = file.xib; name = Base; path = Base.lproj/LaunchScreen.xib; sourceTree = "<group>"; };
		5E6A2F6D1B0463390014511F /* searchControllerTests.xctest */ = {isa = PBXFileReference; explicitFileType = wrapper.cfbundle; includeInIndex = 0; path = searchControllerTests.xctest; sourceTree = BUILT_PRODUCTS_DIR; };
		5E6A2F721B0463390014511F /* Info.plist */ = {isa = PBXFileReference; lastKnownFileType = text.plist.xml; path = Info.plist; sourceTree = "<group>"; };
		5E6A2F731B0463390014511F /* searchControllerTests.m */ = {isa = PBXFileReference; lastKnownFileType = sourcecode.c.objc; path = searchControllerTests.m; sourceTree = "<group>"; };
		5E6A2F7D1B0466180014511F /* CDPSearchModel.h */ = {isa = PBXFileReference; fileEncoding = 4; lastKnownFileType = sourcecode.c.h; path = CDPSearchModel.h; sourceTree = "<group>"; };
		5E6A2F7E1B0466180014511F /* CDPSearchModel.m */ = {isa = PBXFileReference; fileEncoding = 4; lastKnownFileType = sourcecode.c.objc; path = CDPSearchModel.m; sourceTree = "<group>"; };
		5E6A2F841B047D680014511F /* CDPSearchController.h */ = {isa = PBXFileReference; fileEncoding = 4; lastKnownFileType = sourcecode.c.h; path = CDPSearchController.h; sourceTree = "<group>"; };
		5E6A2F851B047D680014511F /* CDPSearchController.m */ = {isa = PBXFileReference; fileEncoding = 4; lastKnownFileType = sourcecode.c.objc; path = CDPSearchController.m; sourceTree = "<group>"; };
/* End PBXFileReference section */

/* Begin PBXFrameworksBuildPhase section */
		5E6A2F511B0463390014511F /* Frameworks */ = {
			isa = PBXFrameworksBuildPhase;
			buildActionMask = 2147483647;
			files = (
			);
			runOnlyForDeploymentPostprocessing = 0;
		};
		5E6A2F6A1B0463390014511F /* Frameworks */ = {
			isa = PBXFrameworksBuildPhase;
			buildActionMask = 2147483647;
			files = (
			);
			runOnlyForDeploymentPostprocessing = 0;
		};
/* End PBXFrameworksBuildPhase section */

/* Begin PBXGroup section */
		5E6A2F4B1B0463390014511F = {
			isa = PBXGroup;
			children = (
				5E6A2F801B047BCA0014511F /* CDPSearchController */,
				5E6A2F561B0463390014511F /* searchController */,
				5E6A2F701B0463390014511F /* searchControllerTests */,
				5E6A2F551B0463390014511F /* Products */,
			);
			sourceTree = "<group>";
		};
		5E6A2F551B0463390014511F /* Products */ = {
			isa = PBXGroup;
			children = (
				5E6A2F541B0463390014511F /* searchController.app */,
				5E6A2F6D1B0463390014511F /* searchControllerTests.xctest */,
			);
			name = Products;
			sourceTree = "<group>";
		};
		5E6A2F561B0463390014511F /* searchController */ = {
			isa = PBXGroup;
			children = (
				5E6A2F5B1B0463390014511F /* AppDelegate.h */,
				5E6A2F5C1B0463390014511F /* AppDelegate.m */,
				5E6A2F5E1B0463390014511F /* ViewController.h */,
				5E6A2F5F1B0463390014511F /* ViewController.m */,
				5E6A2F7D1B0466180014511F /* CDPSearchModel.h */,
				5E6A2F7E1B0466180014511F /* CDPSearchModel.m */,
				5E6A2F611B0463390014511F /* Main.storyboard */,
				5E6A2F641B0463390014511F /* Images.xcassets */,
				5E6A2F661B0463390014511F /* LaunchScreen.xib */,
				5E6A2F571B0463390014511F /* Supporting Files */,
			);
			path = searchController;
			sourceTree = "<group>";
		};
		5E6A2F571B0463390014511F /* Supporting Files */ = {
			isa = PBXGroup;
			children = (
				5E6A2F581B0463390014511F /* Info.plist */,
				5E6A2F591B0463390014511F /* main.m */,
			);
			name = "Supporting Files";
			sourceTree = "<group>";
		};
		5E6A2F701B0463390014511F /* searchControllerTests */ = {
			isa = PBXGroup;
			children = (
				5E6A2F731B0463390014511F /* searchControllerTests.m */,
				5E6A2F711B0463390014511F /* Supporting Files */,
			);
			path = searchControllerTests;
			sourceTree = "<group>";
		};
		5E6A2F711B0463390014511F /* Supporting Files */ = {
			isa = PBXGroup;
			children = (
				5E6A2F721B0463390014511F /* Info.plist */,
			);
			name = "Supporting Files";
			sourceTree = "<group>";
		};
		5E6A2F801B047BCA0014511F /* CDPSearchController */ = {
			isa = PBXGroup;
			children = (
				5E6A2F841B047D680014511F /* CDPSearchController.h */,
				5E6A2F851B047D680014511F /* CDPSearchController.m */,
			);
			path = CDPSearchController;
			sourceTree = "<group>";
		};
/* End PBXGroup section */

/* Begin PBXNativeTarget section */
		5E6A2F531B0463390014511F /* searchController */ = {
			isa = PBXNativeTarget;
			buildConfigurationList = 5E6A2F771B0463390014511F /* Build configuration list for PBXNativeTarget "searchController" */;
			buildPhases = (
				5E6A2F501B0463390014511F /* Sources */,
				5E6A2F511B0463390014511F /* Frameworks */,
				5E6A2F521B0463390014511F /* Resources */,
			);
			buildRules = (
			);
			dependencies = (
			);
			name = searchController;
			productName = searchController;
			productReference = 5E6A2F541B0463390014511F /* searchController.app */;
			productType = "com.apple.product-type.application";
		};
		5E6A2F6C1B0463390014511F /* searchControllerTests */ = {
			isa = PBXNativeTarget;
			buildConfigurationList = 5E6A2F7A1B0463390014511F /* Build configuration list for PBXNativeTarget "searchControllerTests" */;
			buildPhases = (
				5E6A2F691B0463390014511F /* Sources */,
				5E6A2F6A1B0463390014511F /* Frameworks */,
				5E6A2F6B1B0463390014511F /* Resources */,
			);
			buildRules = (
			);
			dependencies = (
				5E6A2F6F1B0463390014511F /* PBXTargetDependency */,
			);
			name = searchControllerTests;
			productName = searchControllerTests;
			productReference = 5E6A2F6D1B0463390014511F /* searchControllerTests.xctest */;
			productType = "com.apple.product-type.bundle.unit-test";
		};
/* End PBXNativeTarget section */

/* Begin PBXProject section */
		5E6A2F4C1B0463390014511F /* Project object */ = {
			isa = PBXProject;
			attributes = {
				LastUpgradeCheck = 0630;
				ORGANIZATIONNAME = CDP;
				TargetAttributes = {
					5E6A2F531B0463390014511F = {
						CreatedOnToolsVersion = 6.3.1;
					};
					5E6A2F6C1B0463390014511F = {
						CreatedOnToolsVersion = 6.3.1;
						TestTargetID = 5E6A2F531B0463390014511F;
					};
				};
			};
			buildConfigurationList = 5E6A2F4F1B0463390014511F /* Build configuration list for PBXProject "searchController" */;
			compatibilityVersion = "Xcode 3.2";
			developmentRegion = English;
			hasScannedForEncodings = 0;
			knownRegions = (
				en,
				Base,
			);
			mainGroup = 5E6A2F4B1B0463390014511F;
			productRefGroup = 5E6A2F551B0463390014511F /* Products */;
			projectDirPath = "";
			projectRoot = "";
			targets = (
				5E6A2F531B0463390014511F /* searchController */,
				5E6A2F6C1B0463390014511F /* searchControllerTests */,
			);
		};
/* End PBXProject section */

/* Begin PBXResourcesBuildPhase section */
		5E6A2F521B0463390014511F /* Resources */ = {
			isa = PBXResourcesBuildPhase;
			buildActionMask = 2147483647;
			files = (
				5E6A2F631B0463390014511F /* Main.storyboard in Resources */,
				5E6A2F681B0463390014511F /* LaunchScreen.xib in Resources */,
				5E6A2F651B0463390014511F /* Images.xcassets in Resources */,
			);
			runOnlyForDeploymentPostprocessing = 0;
		};
		5E6A2F6B1B0463390014511F /* Resources */ = {
			isa = PBXResourcesBuildPhase;
			buildActionMask = 2147483647;
			files = (
			);
			runOnlyForDeploymentPostprocessing = 0;
		};
/* End PBXResourcesBuildPhase section */

/* Begin PBXSourcesBuildPhase section */
		5E6A2F501B0463390014511F /* Sources */ = {
			isa = PBXSourcesBuildPhase;
			buildActionMask = 2147483647;
			files = (
				5E6A2F601B0463390014511F /* ViewController.m in Sources */,
				5E6A2F7F1B0466180014511F /* CDPSearchModel.m in Sources */,
				5E6A2F861B047D680014511F /* CDPSearchController.m in Sources */,
				5E6A2F5D1B0463390014511F /* AppDelegate.m in Sources */,
				5E6A2F5A1B0463390014511F /* main.m in Sources */,
			);
			runOnlyForDeploymentPostprocessing = 0;
		};
		5E6A2F691B0463390014511F /* Sources */ = {
			isa = PBXSourcesBuildPhase;
			buildActionMask = 2147483647;
			files = (
				5E6A2F741B0463390014511F /* searchControllerTests.m in Sources */,
			);
			runOnlyForDeploymentPostprocessing = 0;
		};
/* End PBXSourcesBuildPhase section */

/* Begin PBXTargetDependency section */
		5E6A2F6F1B0463390014511F /* PBXTargetDependency */ = {
			isa = PBXTargetDependency;
			target = 5E6A2F531B0463390014511F /* searchController */;
			targetProxy = 5E6A2F6E1B0463390014511F /* PBXContainerItemProxy */;
		};
/* End PBXTargetDependency section */

/* Begin PBXVariantGroup section */
		5E6A2F611B0463390014511F /* Main.storyboard */ = {
			isa = PBXVariantGroup;
			children = (
				5E6A2F621B0463390014511F /* Base */,
			);
			name = Main.storyboard;
			sourceTree = "<group>";
		};
		5E6A2F661B0463390014511F /* LaunchScreen.xib */ = {
			isa = PBXVariantGroup;
			children = (
				5E6A2F671B0463390014511F /* Base */,
			);
			name = LaunchScreen.xib;
			sourceTree = "<group>";
		};
/* End PBXVariantGroup section */

/* Begin XCBuildConfiguration section */
		5E6A2F751B0463390014511F /* Debug */ = {
			isa = XCBuildConfiguration;
			buildSettings = {
				ALWAYS_SEARCH_USER_PATHS = NO;
				CLANG_CXX_LANGUAGE_STANDARD = "gnu++0x";
				CLANG_CXX_LIBRARY = "libc++";
				CLANG_ENABLE_MODULES = YES;
				CLANG_ENABLE_OBJC_ARC = YES;
				CLANG_WARN_BOOL_CONVERSION = YES;
				CLANG_WARN_CONSTANT_CONVERSION = YES;
				CLANG_WARN_DIRECT_OBJC_ISA_USAGE = YES_ERROR;
				CLANG_WARN_EMPTY_BODY = YES;
				CLANG_WARN_ENUM_CONVERSION = YES;
				CLANG_WARN_INT_CONVERSION = YES;
				CLANG_WARN_OBJC_ROOT_CLASS = YES_ERROR;
				CLANG_WARN_UNREACHABLE_CODE = YES;
				CLANG_WARN__DUPLICATE_METHOD_MATCH = YES;
				"CODE_SIGN_IDENTITY[sdk=iphoneos*]" = "iPhone Developer";
				COPY_PHASE_STRIP = NO;
				DEBUG_INFORMATION_FORMAT = "dwarf-with-dsym";
				ENABLE_STRICT_OBJC_MSGSEND = YES;
				GCC_C_LANGUAGE_STANDARD = gnu99;
				GCC_DYNAMIC_NO_PIC = NO;
				GCC_NO_COMMON_BLOCKS = YES;
				GCC_OPTIMIZATION_LEVEL = 0;
				GCC_PREPROCESSOR_DEFINITIONS = (
					"DEBUG=1",
					"$(inherited)",
				);
				GCC_SYMBOLS_PRIVATE_EXTERN = NO;
				GCC_WARN_64_TO_32_BIT_CONVERSION = YES;
				GCC_WARN_ABOUT_RETURN_TYPE = YES_ERROR;
				GCC_WARN_UNDECLARED_SELECTOR = YES;
				GCC_WARN_UNINITIALIZED_AUTOS = YES_AGGRESSIVE;
				GCC_WARN_UNUSED_FUNCTION = YES;
				GCC_WARN_UNUSED_VARIABLE = YES;
				IPHONEOS_DEPLOYMENT_TARGET = 8.0;
				MTL_ENABLE_DEBUG_INFO = YES;
				ONLY_ACTIVE_ARCH = YES;
				SDKROOT = iphoneos;
				TARGETED_DEVICE_FAMILY = "1,2";
			};
			name = Debug;
		};
		5E6A2F761B0463390014511F /* Release */ = {
			isa = XCBuildConfiguration;
			buildSettings = {
				ALWAYS_SEARCH_USER_PATHS = NO;
				CLANG_CXX_LANGUAGE_STANDARD = "gnu++0x";
				CLANG_CXX_LIBRARY = "libc++";
				CLANG_ENABLE_MODULES = YES;
				CLANG_ENABLE_OBJC_ARC = YES;
				CLANG_WARN_BOOL_CONVERSION = YES;
				CLANG_WARN_CONSTANT_CONVERSION = YES;
				CLANG_WARN_DIRECT_OBJC_ISA_USAGE = YES_ERROR;
				CLANG_WARN_EMPTY_BODY = YES;
				CLANG_WARN_ENUM_CONVERSION = YES;
				CLANG_WARN_INT_CONVERSION = YES;
				CLANG_WARN_OBJC_ROOT_CLASS = YES_ERROR;
				CLANG_WARN_UNREACHABLE_CODE = YES;
				CLANG_WARN__DUPLICATE_METHOD_MATCH = YES;
				"CODE_SIGN_IDENTITY[sdk=iphoneos*]" = "iPhone Developer";
				COPY_PHASE_STRIP = NO;
				DEBUG_INFORMATION_FORMAT = "dwarf-with-dsym";
				ENABLE_NS_ASSERTIONS = NO;
				ENABLE_STRICT_OBJC_MSGSEND = YES;
				GCC_C_LANGUAGE_STANDARD = gnu99;
				GCC_NO_COMMON_BLOCKS = YES;
				GCC_WARN_64_TO_32_BIT_CONVERSION = YES;
				GCC_WARN_ABOUT_RETURN_TYPE = YES_ERROR;
				GCC_WARN_UNDECLARED_SELECTOR = YES;
				GCC_WARN_UNINITIALIZED_AUTOS = YES_AGGRESSIVE;
				GCC_WARN_UNUSED_FUNCTION = YES;
				GCC_WARN_UNUSED_VARIABLE = YES;
				IPHONEOS_DEPLOYMENT_TARGET = 8.0;
				MTL_ENABLE_DEBUG_INFO = NO;
				SDKROOT = iphoneos;
				TARGETED_DEVICE_FAMILY = "1,2";
				VALIDATE_PRODUCT = YES;
			};
			name = Release;
		};
		5E6A2F781B0463390014511F /* Debug */ = {
			isa = XCBuildConfiguration;
			buildSettings = {
				ASSETCATALOG_COMPILER_APPICON_NAME = AppIcon;
				ASSETCATALOG_COMPILER_LAUNCHIMAGE_NAME = LaunchImage;
				INFOPLIST_FILE = searchController/Info.plist;
				IPHONEOS_DEPLOYMENT_TARGET = 8.0;
				LD_RUNPATH_SEARCH_PATHS = "$(inherited) @executable_path/Frameworks";
				PRODUCT_NAME = "$(TARGET_NAME)";
			};
			name = Debug;
		};
		5E6A2F791B0463390014511F /* Release */ = {
			isa = XCBuildConfiguration;
			buildSettings = {
				ASSETCATALOG_COMPILER_APPICON_NAME = AppIcon;
				ASSETCATALOG_COMPILER_LAUNCHIMAGE_NAME = LaunchImage;
				INFOPLIST_FILE = searchController/Info.plist;
				IPHONEOS_DEPLOYMENT_TARGET = 8.0;
				LD_RUNPATH_SEARCH_PATHS = "$(inherited) @executable_path/Frameworks";
				PRODUCT_NAME = "$(TARGET_NAME)";
			};
			name = Release;
		};
		5E6A2F7B1B0463390014511F /* Debug */ = {
			isa = XCBuildConfiguration;
			buildSettings = {
				BUNDLE_LOADER = "$(TEST_HOST)";
				FRAMEWORK_SEARCH_PATHS = (
					"$(SDKROOT)/Developer/Library/Frameworks",
					"$(inherited)",
				);
				GCC_PREPROCESSOR_DEFINITIONS = (
					"DEBUG=1",
					"$(inherited)",
				);
				INFOPLIST_FILE = searchControllerTests/Info.plist;
				LD_RUNPATH_SEARCH_PATHS = "$(inherited) @executable_path/Frameworks @loader_path/Frameworks";
				PRODUCT_NAME = "$(TARGET_NAME)";
				TEST_HOST = "$(BUILT_PRODUCTS_DIR)/searchController.app/searchController";
			};
			name = Debug;
		};
		5E6A2F7C1B0463390014511F /* Release */ = {
			isa = XCBuildConfiguration;
			buildSettings = {
				BUNDLE_LOADER = "$(TEST_HOST)";
				FRAMEWORK_SEARCH_PATHS = (
					"$(SDKROOT)/Developer/Library/Frameworks",
					"$(inherited)",
				);
				INFOPLIST_FILE = searchControllerTests/Info.plist;
				LD_RUNPATH_SEARCH_PATHS = "$(inherited) @executable_path/Frameworks @loader_path/Frameworks";
				PRODUCT_NAME = "$(TARGET_NAME)";
				TEST_HOST = "$(BUILT_PRODUCTS_DIR)/searchController.app/searchController";
			};
			name = Release;
		};
/* End XCBuildConfiguration section */

/* Begin XCConfigurationList section */
		5E6A2F4F1B0463390014511F /* Build configuration list for PBXProject "searchController" */ = {
			isa = XCConfigurationList;
			buildConfigurations = (
				5E6A2F751B0463390014511F /* Debug */,
				5E6A2F761B0463390014511F /* Release */,
			);
			defaultConfigurationIsVisible = 0;
			defaultConfigurationName = Release;
		};
		5E6A2F771B0463390014511F /* Build configuration list for PBXNativeTarget "searchController" */ = {
			isa = XCConfigurationList;
			buildConfigurations = (
				5E6A2F781B0463390014511F /* Debug */,
				5E6A2F791B0463390014511F /* Release */,
			);
			defaultConfigurationIsVisible = 0;
		};
		5E6A2F7A1B0463390014511F /* Build configuration list for PBXNativeTarget "searchControllerTests" */ = {
			isa = XCConfigurationList;
			buildConfigurations = (
				5E6A2F7B1B0463390014511F /* Debug */,
				5E6A2F7C1B0463390014511F /* Release */,
			);
			defaultConfigurationIsVisible = 0;
		};
/* End XCConfigurationList section */
	};
	rootObject = 5E6A2F4C1B0463390014511F /* Project object */;
}
